
Microsoft Visual Studio Solution File, Format Version 12.00
Project("{FAE04EC0-301F-11D3-BF4B-00C04F79EFBC}") = "PrismSplashScreen", "PrismSplashScreen\PrismSplashScreen.csproj", "{34B9FB90-2CC8-4FB1-ACB9-61F005CE3D10}"
EndProject
Project("{2150E333-8FDC-42A3-9474-1A3956D46DE8}") = "Modules", "Modules", "{CD970295-5704-4310-9560-6A68620ED985}"
EndProject
Project("{FAE04EC0-301F-11D3-BF4B-00C04F79EFBC}") = "Module1", "Module1\Module1.csproj", "{5368DC42-D091-4CA2-A2E5-242A8D8FCA9F}"
EndProject
Project("{FAE04EC0-301F-11D3-BF4B-00C04F79EFBC}") = "Module2", "Module2\Module2.csproj", "{E77245FB-59BB-4F85-8BBF-8481F6A7E6F1}"
EndProject
Project("{FAE04EC0-301F-11D3-BF4B-00C04F79EFBC}") = "Module3", "Module3\Module3.csproj", "{B5304C84-691A-4EDA-85B9-FB2D027A099B}"
EndProject
Project("{FAE04EC0-301F-11D3-BF4B-00C04F79EFBC}") = "SplashModule", "SplashModule\SplashModule.csproj", "{720F9075-EC68-4291-A9D4-29CA1D9BE6E1}"
EndProject
Project("{FAE04EC0-301F-11D3-BF4B-00C04F79EFBC}") = "Module.Core", "Module.Core\Module.Core.csproj", "{164E2EA3-0C26-43B1-98D3-ECE0DB636F13}"
EndProject
Global
	GlobalSection(SolutionConfigurationPlatforms) = preSolution
		Debug|Any CPU = Debug|Any CPU
		Release|Any CPU = Release|Any CPU
	EndGlobalSection
	GlobalSection(ProjectConfigurationPlatforms) = postSolution
		{34B9FB90-2CC8-4FB1-ACB9-61F005CE3D10}.Debug|Any CPU.ActiveCfg = Debug|Any CPU
		{34B9FB90-2CC8-4FB1-ACB9-61F005CE3D10}.Debug|Any CPU.Build.0 = Debug|Any CPU
		{34B9FB90-2CC8-4FB1-ACB9-61F005CE3D10}.Release|Any CPU.ActiveCfg = Release|Any CPU
		{34B9FB90-2CC8-4FB1-ACB9-61F005CE3D10}.Release|Any CPU.Build.0 = Release|Any CPU
		{5368DC42-D091-4CA2-A2E5-242A8D8FCA9F}.Debug|Any CPU.ActiveCfg = Debug|Any CPU
		{5368DC42-D091-4CA2-A2E5-242A8D8FCA9F}.Debug|Any CPU.Build.0 = Debug|Any CPU
		{5368DC42-D091-4CA2-A2E5-242A8D8FCA9F}.Release|Any CPU.ActiveCfg = Release|Any CPU
		{5368DC42-D091-4CA2-A2E5-242A8D8FCA9F}.Release|Any CPU.Build.0 = Release|Any CPU
		{E77245FB-59BB-4F85-8BBF-8481F6A7E6F1}.Debug|Any CPU.ActiveCfg = Debug|Any CPU
		{E77245FB-59BB-4F85-8BBF-8481F6A7E6F1}.Debug|Any CPU.Build.0 = Debug|Any CPU
		{E77245FB-59BB-4F85-8BBF-8481F6A7E6F1}.Release|Any CPU.ActiveCfg = Release|Any CPU
		{E77245FB-59BB-4F85-8BBF-8481F6A7E6F1}.Release|Any CPU.Build.0 = Release|Any CPU
		{B5304C84-691A-4EDA-85B9-FB2D027A099B}.Debug|Any CPU.ActiveCfg = Debug|Any CPU
		{B5304C84-691A-4EDA-85B9-FB2D027A099B}.Debug|Any CPU.Build.0 = Debug|Any CPU
		{B5304C84-691A-4EDA-85B9-FB2D027A099B}.Release|Any CPU.ActiveCfg = Release|Any CPU
		{B5304C84-691A-4EDA-85B9-FB2D027A099B}.Release|Any CPU.Build.0 = Release|Any CPU
		{720F9075-EC68-4291-A9D4-29CA1D9BE6E1}.Debug|Any CPU.ActiveCfg = Debug|Any CPU
		{720F9075-EC68-4291-A9D4-29CA1D9BE6E1}.Debug|Any CPU.Build.0 = Debug|Any CPU
		{720F9075-EC68-4291-A9D4-29CA1D9BE6E1}.Release|Any CPU.ActiveCfg = Release|Any CPU
		{720F9075-EC68-4291-A9D4-29CA1D9BE6E1}.Release|Any CPU.Build.0 = Release|Any CPU
		{164E2EA3-0C26-43B1-98D3-ECE0DB636F13}.Debug|Any CPU.ActiveCfg = Debug|Any CPU
		{164E2EA3-0C26-43B1-98D3-ECE0DB636F13}.Debug|Any CPU.Build.0 = Debug|Any CPU
		{164E2EA3-0C26-43B1-98D3-ECE0DB636F13}.Release|Any CPU.ActiveCfg = Release|Any CPU
		{164E2EA3-0C26-43B1-98D3-ECE0DB636F13}.Release|Any CPU.Build.0 = Release|Any CPU
	EndGlobalSection
	GlobalSection(NestedProjects) = preSolution
		{5368DC42-D091-4CA2-A2E5-242A8D8FCA9F} = {CD970295-5704-4310-9560-6A68620ED985}
		{E77245FB-59BB-4F85-8BBF-8481F6A7E6F1} = {CD970295-5704-4310-9560-6A68620ED985}
		{B5304C84-691A-4EDA-85B9-FB2D027A099B} = {CD970295-5704-4310-9560-6A68620ED985}
		{720F9075-EC68-4291-A9D4-29CA1D9BE6E1} = {CD970295-5704-4310-9560-6A68620ED985}
		{164E2EA3-0C26-43B1-98D3-ECE0DB636F13} = {CD970295-5704-4310-9560-6A68620ED985}
	EndGlobalSection
EndGlobal
